<?xml version="1.0" encoding="utf-8"?>
<Project ToolsVersion="4.0" xmlns="http://schemas.microsoft.com/developer/msbuild/2003">
  <ItemGroup>
    <Filter Include="Library">
      <UniqueIdentifier>{d5173dcf-2786-4f98-bd55-d03549637dfe}</UniqueIdentifier>
    </Filter>
    <Filter Include="Src">
      <UniqueIdentifier>{80d0a5a9-6779-4863-bede-cc22a4986dc5}</UniqueIdentifier>
    </Filter>
    <Filter Include="Src\System">
      <UniqueIdentifier>{f5928314-3ee2-4e39-abfa-d93aa9ee5891}</UniqueIdentifier>
    </Filter>
    <Filter Include="Src\System\Direct3D">
      <UniqueIdentifier>{f193abd5-e51c-466e-a937-722bc9175e9a}</UniqueIdentifier>
    </Filter>
    <Filter Include="Src\System\Utility">
      <UniqueIdentifier>{f5d733b1-5031-4659-a9d4-0dd3add1e5fb}</UniqueIdentifier>
    </Filter>
    <Filter Include="Src\System\Window">
      <UniqueIdentifier>{cb022f2a-c5a2-449b-9b70-5110aff8550f}</UniqueIdentifier>
    </Filter>
    <Filter Include="Library\imgui">
      <UniqueIdentifier>{85e2ada7-3d34-4892-b70a-8b9a433f7438}</UniqueIdentifier>
    </Filter>
    <Filter Include="Library\tinygltf">
      <UniqueIdentifier>{307bfbcd-124f-4ad7-85f5-3fd94f814b1f}</UniqueIdentifier>
    </Filter>
    <Filter Include="Src\System\Shader">
      <UniqueIdentifier>{93543c0c-58fe-4a94-8279-7be3021b65b1}</UniqueIdentifier>
    </Filter>
    <Filter Include="Src\System\Shader\EffectShader">
      <UniqueIdentifier>{3ed945a9-befa-4db2-b780-7714e82626ed}</UniqueIdentifier>
    </Filter>
    <Filter Include="Src\System\Shader\SpriteShader">
      <UniqueIdentifier>{2da4d471-f4e8-4b2d-bdef-b93f91523b8b}</UniqueIdentifier>
    </Filter>
    <Filter Include="Src\System\Shader\StandardShader">
      <UniqueIdentifier>{0a93a6dd-bb60-46dc-820f-6aea10b3b02f}</UniqueIdentifier>
    </Filter>
    <Filter Include="Src\Application">
      <UniqueIdentifier>{d0d0f9cf-dabd-4346-bc9a-d9c04cf42372}</UniqueIdentifier>
    </Filter>
    <Filter Include="Src\System\Audio">
      <UniqueIdentifier>{667d1cb1-5ae5-476f-acd5-14b7d294a95a}</UniqueIdentifier>
    </Filter>
    <Filter Include="Src\Application\Scene">
      <UniqueIdentifier>{b5d60bd4-00e5-4c64-a4a8-c041aaefd178}</UniqueIdentifier>
    </Filter>
    <Filter Include="Src\Application\UI">
      <UniqueIdentifier>{d2281d6e-637a-4b0e-a253-f6283663e16a}</UniqueIdentifier>
    </Filter>
    <Filter Include="Src\Application\Object">
      <UniqueIdentifier>{025dbe85-1d16-4ef7-81de-ca5918df7615}</UniqueIdentifier>
    </Filter>
    <Filter Include="Src\Application\Object\Player">
      <UniqueIdentifier>{8194f5c1-9639-4881-b573-acc035e67c2f}</UniqueIdentifier>
    </Filter>
    <Filter Include="Src\Application\Object\Bullet">
      <UniqueIdentifier>{582a809c-699b-4493-9472-2a6da80e6819}</UniqueIdentifier>
    </Filter>
    <Filter Include="Src\Application\Object\Enemy">
      <UniqueIdentifier>{d073bb95-8ead-401c-856a-f3a02a86fd38}</UniqueIdentifier>
    </Filter>
    <Filter Include="Src\Application\Scene\GameScene">
      <UniqueIdentifier>{b5822eab-2403-487c-97d3-56ceb8665d3e}</UniqueIdentifier>
    </Filter>
    <Filter Include="Src\Application\Scene\TitleScene">
      <UniqueIdentifier>{c969c93b-97fa-4cd8-9ddf-8fd17e98bffb}</UniqueIdentifier>
    </Filter>
    <Filter Include="Src\Application\Collision">
      <UniqueIdentifier>{322342d0-5e2f-416b-babe-eff146e07a39}</UniqueIdentifier>
    </Filter>
    <Filter Include="Src\Application\Effect">
      <UniqueIdentifier>{bc958925-5e1c-4a2a-aa8b-4da2400ae83a}</UniqueIdentifier>
    </Filter>
    <Filter Include="Src\Application\Effect\HitEffect">
      <UniqueIdentifier>{8e7f6d94-0f69-41d0-8517-d4a3872f01d3}</UniqueIdentifier>
    </Filter>
    <Filter Include="Src\Application\Effect\Explosion">
      <UniqueIdentifier>{2eb47778-a858-4d03-88e8-d5c6f2c3ab83}</UniqueIdentifier>
    </Filter>
    <Filter Include="Src\Application\Effect\Exhaust">
      <UniqueIdentifier>{6b98ab45-f19b-4bda-ab77-e8f652264639}</UniqueIdentifier>
    </Filter>
    <Filter Include="Src\Application\Effect\ChangeEffect">
      <UniqueIdentifier>{71c6b16a-b728-4df0-8ab5-7503bcfb617c}</UniqueIdentifier>
    </Filter>
    <Filter Include="Src\Application\Object\Enemy\GearEnemy">
      <UniqueIdentifier>{b73db5d9-2608-4914-a73e-3051da88c7f9}</UniqueIdentifier>
    </Filter>
    <Filter Include="Src\Application\Object\Enemy\SpikeEnemy">
      <UniqueIdentifier>{cef9388c-6616-477c-8638-fe3ed1f1fd98}</UniqueIdentifier>
    </Filter>
    <Filter Include="Src\Application\Scene\GameScene\GameController">
      <UniqueIdentifier>{bde8364f-fea1-4530-9643-7ba80ed354d0}</UniqueIdentifier>
    </Filter>
    <Filter Include="Src\Application\Object\Enemy\RushEnemy">
      <UniqueIdentifier>{9798a642-b2a2-44ff-9df5-1499dc84c976}</UniqueIdentifier>
    </Filter>
    <Filter Include="Src\Application\Object\Enemy\ShotEnemy">
      <UniqueIdentifier>{17acfb24-dd59-4567-91ce-4ad2dafee6c4}</UniqueIdentifier>
    </Filter>
    <Filter Include="Src\Application\Object\Boss">
      <UniqueIdentifier>{d73fe80a-196b-4078-8c56-26c521eb61ac}</UniqueIdentifier>
    </Filter>
  </ItemGroup>
  <ItemGroup>
    <ClInclude Include="src\Pch.h">
      <Filter>Src</Filter>
    </ClInclude>
    <ClInclude Include="..\Library\imgui\imconfig.h">
      <Filter>Library\imgui</Filter>
    </ClInclude>
    <ClInclude Include="..\Library\imgui\imgui.h">
      <Filter>Library\imgui</Filter>
    </ClInclude>
    <ClInclude Include="..\Library\imgui\imgui_impl_dx11.h">
      <Filter>Library\imgui</Filter>
    </ClInclude>
    <ClInclude Include="..\Library\imgui\imgui_impl_win32.h">
      <Filter>Library\imgui</Filter>
    </ClInclude>
    <ClInclude Include="..\Library\imgui\imgui_internal.h">
      <Filter>Library\imgui</Filter>
    </ClInclude>
    <ClInclude Include="..\Library\imgui\imstb_rectpack.h">
      <Filter>Library\imgui</Filter>
    </ClInclude>
    <ClInclude Include="..\Library\imgui\imstb_textedit.h">
      <Filter>Library\imgui</Filter>
    </ClInclude>
    <ClInclude Include="..\Library\imgui\imstb_truetype.h">
      <Filter>Library\imgui</Filter>
    </ClInclude>
    <ClInclude Include="..\Library\imgui\ja_glyph_ranges.h">
      <Filter>Library\imgui</Filter>
    </ClInclude>
    <ClInclude Include="..\Library\tinygltf\json.hpp">
      <Filter>Library\tinygltf</Filter>
    </ClInclude>
    <ClInclude Include="..\Library\tinygltf\stb_image.h">
      <Filter>Library\tinygltf</Filter>
    </ClInclude>
    <ClInclude Include="..\Library\tinygltf\stb_image_write.h">
      <Filter>Library\tinygltf</Filter>
    </ClInclude>
    <ClInclude Include="..\Library\tinygltf\tiny_gltf.h">
      <Filter>Library\tinygltf</Filter>
    </ClInclude>
    <ClInclude Include="Src\Application\main.h">
      <Filter>Src\Application</Filter>
    </ClInclude>
    <ClInclude Include="src\System\Direct3D\KdDirect3D.h">
      <Filter>Src\System\Direct3D</Filter>
    </ClInclude>
    <ClInclude Include="src\System\Direct3D\KdModel.h">
      <Filter>Src\System\Direct3D</Filter>
    </ClInclude>
    <ClInclude Include="src\System\Direct3D\KdTexture.h">
      <Filter>Src\System\Direct3D</Filter>
    </ClInclude>
    <ClInclude Include="src\System\Direct3D\KdBuffer.h">
      <Filter>Src\System\Direct3D</Filter>
    </ClInclude>
    <ClInclude Include="Src\System\Direct3D\KdDirect3DHelper.h">
      <Filter>Src\System\Direct3D</Filter>
    </ClInclude>
    <ClInclude Include="Src\System\Audio\KdAudio.h">
      <Filter>Src\System\Audio</Filter>
    </ClInclude>
    <ClInclude Include="Src\System\Direct3D\KdGLTFLoader.h">
      <Filter>Src\System\Direct3D</Filter>
    </ClInclude>
    <ClInclude Include="Src\System\Shader\KdShaderManager.h">
      <Filter>Src\System\Shader</Filter>
    </ClInclude>
    <ClInclude Include="Src\System\Shader\EffectShader\KdEffectShader.h">
      <Filter>Src\System\Shader\EffectShader</Filter>
    </ClInclude>
    <ClInclude Include="Src\System\Shader\SpriteShader\KdSpriteShader.h">
      <Filter>Src\System\Shader\SpriteShader</Filter>
    </ClInclude>
    <ClInclude Include="Src\System\Shader\StandardShader\KdStandardShader.h">
      <Filter>Src\System\Shader\StandardShader</Filter>
    </ClInclude>
    <ClInclude Include="src\System\Utility\KdUtility.h">
      <Filter>Src\System\Utility</Filter>
    </ClInclude>
    <ClInclude Include="src\System\Window\KdGameWindow.h">
      <Filter>Src\System\Window</Filter>
    </ClInclude>
    <ClInclude Include="src\System\KdSystem.h">
      <Filter>Src\System</Filter>
    </ClInclude>
    <ClInclude Include="..\Library\strconv.h">
      <Filter>Library</Filter>
    </ClInclude>
    <ClInclude Include="Src\Application\Scene.h">
      <Filter>Src\Application</Filter>
    </ClInclude>
    <ClInclude Include="Src\Application\SceneManager.h">
      <Filter>Src\Application</Filter>
    </ClInclude>
    <ClInclude Include="Src\Application\UI\GameUI.h">
      <Filter>Src\Application\UI</Filter>
    </ClInclude>
    <ClInclude Include="Src\Application\Scene\BaseScene.h">
      <Filter>Src\Application\Scene</Filter>
    </ClInclude>
    <ClInclude Include="Src\Application\Scene\GameScene\GameScene.h">
      <Filter>Src\Application\Scene\GameScene</Filter>
    </ClInclude>
    <ClInclude Include="Src\Application\Scene\TitleScene\Title.h">
      <Filter>Src\Application\Scene\TitleScene</Filter>
    </ClInclude>
    <ClInclude Include="Src\Application\Scene\TitleScene\TitleScene.h">
      <Filter>Src\Application\Scene\TitleScene</Filter>
    </ClInclude>
    <ClInclude Include="Src\Application\Object\BaseObject.h">
      <Filter>Src\Application\Object</Filter>
    </ClInclude>
    <ClInclude Include="Src\Application\Object\Bullet\Bullet.h">
      <Filter>Src\Application\Object\Bullet</Filter>
    </ClInclude>
    <ClInclude Include="Src\Application\Object\Player\Player.h">
      <Filter>Src\Application\Object\Player</Filter>
    </ClInclude>
    <ClInclude Include="Src\Application\Collision\Collision.h">
      <Filter>Src\Application\Collision</Filter>
    </ClInclude>
    <ClInclude Include="Src\Application\Effect\Explosion\Explosion.h">
      <Filter>Src\Application\Effect\Explosion</Filter>
    </ClInclude>
    <ClInclude Include="Src\Application\Effect\Exhaust\Exhaust.h">
      <Filter>Src\Application\Effect\Exhaust</Filter>
    </ClInclude>
    <ClInclude Include="Src\Application\Effect\ChangeEffect\ChangeEffect.h">
      <Filter>Src\Application\Effect\ChangeEffect</Filter>
    </ClInclude>
    <ClInclude Include="Src\Application\Effect\HitEffect\HitEffect.h">
      <Filter>Src\Application\Effect\HitEffect</Filter>
    </ClInclude>
    <ClInclude Include="Src\Application\Object\Enemy\GearEnemy\GearEnemy.h">
      <Filter>Src\Application\Object\Enemy\GearEnemy</Filter>
    </ClInclude>
    <ClInclude Include="Src\Application\Object\Enemy\SpikeEnemy\SpikeEnemy.h">
      <Filter>Src\Application\Object\Enemy\SpikeEnemy</Filter>
    </ClInclude>
    <ClInclude Include="Src\Application\Scene\GameScene\GameController\GameController.h">
      <Filter>Src\Application\Scene\GameScene\GameController</Filter>
    </ClInclude>
    <ClInclude Include="Src\Application\Object\Enemy\RushEnemy\RushEnemy.h">
      <Filter>Src\Application\Object\Enemy\RushEnemy</Filter>
    </ClInclude>
    <ClInclude Include="Src\Application\Object\Enemy\ShotEnemy\ShotEnemy.h">
      <Filter>Src\Application\Object\Enemy\ShotEnemy</Filter>
    </ClInclude>
    <ClInclude Include="Src\Application\Object\Enemy\ShotEnemy\EnemyBullet.h">
      <Filter>Src\Application\Object\Enemy\ShotEnemy</Filter>
    </ClInclude>
    <ClInclude Include="Src\Application\Object\Boss\Boss.h">
      <Filter>Src\Application\Object\Boss</Filter>
    </ClInclude>
  </ItemGroup>
  <ItemGroup>
    <ClCompile Include="src\Pch.cpp">
      <Filter>Src</Filter>
    </ClCompile>
    <ClCompile Include="..\Library\imgui\imgui.cpp">
      <Filter>Library\imgui</Filter>
    </ClCompile>
    <ClCompile Include="..\Library\imgui\imgui_demo.cpp">
      <Filter>Library\imgui</Filter>
    </ClCompile>
    <ClCompile Include="..\Library\imgui\imgui_draw.cpp">
      <Filter>Library\imgui</Filter>
    </ClCompile>
    <ClCompile Include="..\Library\imgui\imgui_impl_dx11.cpp">
      <Filter>Library\imgui</Filter>
    </ClCompile>
    <ClCompile Include="..\Library\imgui\imgui_impl_win32.cpp">
      <Filter>Library\imgui</Filter>
    </ClCompile>
    <ClCompile Include="..\Library\imgui\imgui_widgets.cpp">
      <Filter>Library\imgui</Filter>
    </ClCompile>
    <ClCompile Include="Src\Application\main.cpp">
      <Filter>Src\Application</Filter>
    </ClCompile>
    <ClCompile Include="src\System\Direct3D\KdDirect3D.cpp">
      <Filter>Src\System\Direct3D</Filter>
    </ClCompile>
    <ClCompile Include="src\System\Direct3D\KdModel.cpp">
      <Filter>Src\System\Direct3D</Filter>
    </ClCompile>
    <ClCompile Include="src\System\Direct3D\KdTexture.cpp">
      <Filter>Src\System\Direct3D</Filter>
    </ClCompile>
    <ClCompile Include="src\System\Direct3D\KdBuffer.cpp">
      <Filter>Src\System\Direct3D</Filter>
    </ClCompile>
    <ClCompile Include="Src\System\Direct3D\KdDirect3DHelper.cpp">
      <Filter>Src\System\Direct3D</Filter>
    </ClCompile>
    <ClCompile Include="Src\System\Audio\KdAudio.cpp">
      <Filter>Src\System\Audio</Filter>
    </ClCompile>
    <ClCompile Include="Src\System\Direct3D\KdGLTFLoader.cpp">
      <Filter>Src\System\Direct3D</Filter>
    </ClCompile>
    <ClCompile Include="Src\System\Shader\KdShaderManager.cpp">
      <Filter>Src\System\Shader</Filter>
    </ClCompile>
    <ClCompile Include="Src\System\Shader\EffectShader\KdEffectShader.cpp">
      <Filter>Src\System\Shader\EffectShader</Filter>
    </ClCompile>
    <ClCompile Include="Src\System\Shader\SpriteShader\KdSpriteShader.cpp">
      <Filter>Src\System\Shader\SpriteShader</Filter>
    </ClCompile>
    <ClCompile Include="Src\System\Shader\StandardShader\KdStandardShader.cpp">
      <Filter>Src\System\Shader\StandardShader</Filter>
    </ClCompile>
    <ClCompile Include="src\System\Window\KdGameWindow.cpp">
      <Filter>Src\System\Window</Filter>
    </ClCompile>
    <ClCompile Include="Src\Application\SceneManager.cpp">
      <Filter>Src\Application</Filter>
    </ClCompile>
    <ClCompile Include="Src\Application\UI\GameUI.cpp">
      <Filter>Src\Application\UI</Filter>
    </ClCompile>
    <ClCompile Include="Src\Application\Scene.cpp">
      <Filter>Src\Application</Filter>
    </ClCompile>
    <ClCompile Include="Src\Application\Scene\BaseScene.cpp">
      <Filter>Src\Application\Scene</Filter>
    </ClCompile>
    <ClCompile Include="Src\Application\Scene\GameScene\GameScene.cpp">
      <Filter>Src\Application\Scene\GameScene</Filter>
    </ClCompile>
    <ClCompile Include="Src\Application\Scene\TitleScene\Title.cpp">
      <Filter>Src\Application\Scene\TitleScene</Filter>
    </ClCompile>
    <ClCompile Include="Src\Application\Scene\TitleScene\TitleScene.cpp">
      <Filter>Src\Application\Scene\TitleScene</Filter>
    </ClCompile>
    <ClCompile Include="Src\Application\Object\BaseObject.cpp">
      <Filter>Src\Application\Object</Filter>
    </ClCompile>
    <ClCompile Include="Src\Application\Object\Bullet\Bullet.cpp">
      <Filter>Src\Application\Object\Bullet</Filter>
    </ClCompile>
    <ClCompile Include="Src\Application\Object\Player\Player.cpp">
      <Filter>Src\Application\Object\Player</Filter>
    </ClCompile>
    <ClCompile Include="Src\Application\Collision\Collision.cpp">
      <Filter>Src\Application\Collision</Filter>
    </ClCompile>
    <ClCompile Include="Src\Application\Effect\Explosion\Explosion.cpp">
      <Filter>Src\Application\Effect\Explosion</Filter>
    </ClCompile>
    <ClCompile Include="Src\Application\Effect\Exhaust\Exhaust.cpp">
      <Filter>Src\Application\Effect\Exhaust</Filter>
    </ClCompile>
    <ClCompile Include="Src\Application\Effect\ChangeEffect\ChangeEffect.cpp">
      <Filter>Src\Application\Effect\ChangeEffect</Filter>
    </ClCompile>
    <ClCompile Include="Src\Application\Effect\HitEffect\HitEffect.cpp">
      <Filter>Src\Application\Effect\HitEffect</Filter>
    </ClCompile>
    <ClCompile Include="Src\Application\Object\Enemy\GearEnemy\GearEnemy.cpp">
      <Filter>Src\Application\Object\Enemy\GearEnemy</Filter>
    </ClCompile>
    <ClCompile Include="Src\Application\Object\Enemy\SpikeEnemy\SpikeEnemy.cpp">
      <Filter>Src\Application\Object\Enemy\SpikeEnemy</Filter>
    </ClCompile>
    <ClCompile Include="Src\Application\Scene\GameScene\GameController\GameController.cpp">
      <Filter>Src\Application\Scene\GameScene\GameController</Filter>
    </ClCompile>
    <ClCompile Include="Src\Application\Object\Enemy\RushEnemy\RushEnemy.cpp">
      <Filter>Src\Application\Object\Enemy\RushEnemy</Filter>
    </ClCompile>
    <ClCompile Include="Src\Application\Object\Enemy\ShotEnemy\ShotEnemy.cpp">
      <Filter>Src\Application\Object\Enemy\ShotEnemy</Filter>
    </ClCompile>
    <ClCompile Include="Src\Application\Object\Enemy\ShotEnemy\EnemyBullet.cpp">
      <Filter>Src\Application\Object\Enemy\ShotEnemy</Filter>
    </ClCompile>
    <ClCompile Include="Src\Application\Object\Boss\Boss.cpp">
      <Filter>Src\Application\Object\Boss</Filter>
    </ClCompile>
  </ItemGroup>
  <ItemGroup>
    <Text Include="説明.txt" />
  </ItemGroup>
  <ItemGroup>
    <None Include="Src\System\Shader\EffectShader\inc_KdEffectShader.hlsli">
      <Filter>Src\System\Shader\EffectShader</Filter>
    </None>
    <None Include="Src\System\Shader\inc_KdCommon.hlsli">
      <Filter>Src\System\Shader</Filter>
    </None>
    <None Include="Src\System\Shader\SpriteShader\inc_KdSpriteShader.hlsli">
      <Filter>Src\System\Shader\SpriteShader</Filter>
    </None>
    <None Include="Src\System\Shader\StandardShader\inc_KdStandardShader.hlsli">
      <Filter>Src\System\Shader\StandardShader</Filter>
    </None>
  </ItemGroup>
  <ItemGroup>
    <FxCompile Include="Src\System\Shader\EffectShader\KdEffectShader_PS.hlsl">
      <Filter>Src\System\Shader\EffectShader</Filter>
    </FxCompile>
    <FxCompile Include="Src\System\Shader\EffectShader\KdEffectShader_VS.hlsl">
      <Filter>Src\System\Shader\EffectShader</Filter>
    </FxCompile>
    <FxCompile Include="Src\System\Shader\SpriteShader\KdSpriteShader_PS.hlsl">
      <Filter>Src\System\Shader\SpriteShader</Filter>
    </FxCompile>
    <FxCompile Include="Src\System\Shader\SpriteShader\KdSpriteShader_VS.hlsl">
      <Filter>Src\System\Shader\SpriteShader</Filter>
    </FxCompile>
    <FxCompile Include="Src\System\Shader\StandardShader\KdStandardShader_PS.hlsl">
      <Filter>Src\System\Shader\StandardShader</Filter>
    </FxCompile>
    <FxCompile Include="Src\System\Shader\StandardShader\KdStandardShader_VS.hlsl">
      <Filter>Src\System\Shader\StandardShader</Filter>
    </FxCompile>
  </ItemGroup>
</Project>